
Microsoft Visual Studio Solution File, Format Version 12.00
# Visual Studio 14
VisualStudioVersion = 14.0.24720.0
MinimumVisualStudioVersion = 10.0.40219.1
Project("{FAE04EC0-301F-11D3-BF4B-00C04F79EFBC}") = "Injector", "osu! ingame background changer\Injector.csproj", "{E7428D3F-8456-40BF-90D9-3FE20428D973}"
EndProject
Project("{FAE04EC0-301F-11D3-BF4B-00C04F79EFBC}") = "osu!ibc", "osu!ibc\osu!ibc.csproj", "{5B741174-AA2A-44C3-A014-1B7406577324}"
EndProject
Global
	GlobalSection(SolutionConfigurationPlatforms) = preSolution
		Debug|Any CPU = Debug|Any CPU
		Release|Any CPU = Release|Any CPU
	EndGlobalSection
	GlobalSection(ProjectConfigurationPlatforms) = postSolution
		{E7428D3F-8456-40BF-90D9-3FE20428D973}.Debug|Any CPU.ActiveCfg = Debug|Any CPU
		{E7428D3F-8456-40BF-90D9-3FE20428D973}.Debug|Any CPU.Build.0 = Debug|Any CPU
		{E7428D3F-8456-40BF-90D9-3FE20428D973}.Release|Any CPU.ActiveCfg = Release|Any CPU
		{E7428D3F-8456-40BF-90D9-3FE20428D973}.Release|Any CPU.Build.0 = Release|Any CPU
		{5B741174-AA2A-44C3-A014-1B7406577324}.Debug|Any CPU.ActiveCfg = Debug|Any CPU
		{5B741174-AA2A-44C3-A014-1B7406577324}.Debug|Any CPU.Build.0 = Debug|Any CPU
		{5B741174-AA2A-44C3-A014-1B7406577324}.Release|Any CPU.ActiveCfg = Release|Any CPU
		{5B741174-AA2A-44C3-A014-1B7406577324}.Release|Any CPU.Build.0 = Release|Any CPU
	EndGlobalSection
	GlobalSection(SolutionProperties) = preSolution
		HideSolutionNode = FALSE
	EndGlobalSection
EndGlobal
